// !$*UTF8*$!
{
	archiveVersion = 1;
	classes = {
	};
	objectVersion = 46;
	objects = {

/* Begin PBXBuildFile section */
		3B13E4A91A1C63C70013AE32 /* PlaceDetailsDownloader.m in Sources */ = {isa = PBXBuildFile; fileRef = 3B13E4A81A1C63C70013AE32 /* PlaceDetailsDownloader.m */; };
		3B14F7591A14832F005D88E2 /* ReportTableViewController.m in Sources */ = {isa = PBXBuildFile; fileRef = 3B14F7581A14832F005D88E2 /* ReportTableViewController.m */; };
		3B14F75C1A15DBF1005D88E2 /* ImageDownloader.m in Sources */ = {isa = PBXBuildFile; fileRef = 3B14F75B1A15DBF1005D88E2 /* ImageDownloader.m */; };
		3B14F75F1A1688CA005D88E2 /* Utils.m in Sources */ = {isa = PBXBuildFile; fileRef = 3B14F75E1A1688CA005D88E2 /* Utils.m */; };
		3B14F7621A187FFD005D88E2 /* Logger.m in Sources */ = {isa = PBXBuildFile; fileRef = 3B14F7611A187FFD005D88E2 /* Logger.m */; };
		3B14F7651A188507005D88E2 /* RecentSearchesDownloader.m in Sources */ = {isa = PBXBuildFile; fileRef = 3B14F7641A188507005D88E2 /* RecentSearchesDownloader.m */; };
		3B3847161A0D87BC001E03D0 /* CameraViewController.m in Sources */ = {isa = PBXBuildFile; fileRef = 3B3847151A0D87BC001E03D0 /* CameraViewController.m */; };
		3B3847191A0F459D001E03D0 /* PhotoPreviewViewController.m in Sources */ = {isa = PBXBuildFile; fileRef = 3B3847181A0F459D001E03D0 /* PhotoPreviewViewController.m */; };
		3B38471C1A11816A001E03D0 /* ImageUploader.m in Sources */ = {isa = PBXBuildFile; fileRef = 3B38471B1A11816A001E03D0 /* ImageUploader.m */; };
		3B3847221A11D327001E03D0 /* ReportUploader.m in Sources */ = {isa = PBXBuildFile; fileRef = 3B3847211A11D327001E03D0 /* ReportUploader.m */; };
		3B3847251A11D7F4001E03D0 /* Constants.m in Sources */ = {isa = PBXBuildFile; fileRef = 3B3847241A11D7F4001E03D0 /* Constants.m */; };
		3B3847281A129F44001E03D0 /* TagButton.m in Sources */ = {isa = PBXBuildFile; fileRef = 3B3847271A129F44001E03D0 /* TagButton.m */; };
		3B3901481A1414B900802030 /* ReportViewController.m in Sources */ = {isa = PBXBuildFile; fileRef = 3B3901471A1414B900802030 /* ReportViewController.m */; };
		3B3AC0C81A2028F500B0ABB8 /* RequestTableViewController.m in Sources */ = {isa = PBXBuildFile; fileRef = 3B3AC0C71A2028F500B0ABB8 /* RequestTableViewController.m */; };
		3B3E662E1A200F4D0052E893 /* RequestViewController.m in Sources */ = {isa = PBXBuildFile; fileRef = 3B3E662D1A200F4D0052E893 /* RequestViewController.m */; };
		3B576C4E19E6181C006DBD22 /* main.m in Sources */ = {isa = PBXBuildFile; fileRef = 3B576C4D19E6181C006DBD22 /* main.m */; };
		3B576C5119E6181C006DBD22 /* AppDelegate.m in Sources */ = {isa = PBXBuildFile; fileRef = 3B576C5019E6181C006DBD22 /* AppDelegate.m */; };
		3B576C5419E6181C006DBD22 /* SearchViewController.m in Sources */ = {isa = PBXBuildFile; fileRef = 3B576C5319E6181C006DBD22 /* SearchViewController.m */; };
		3B576C5719E6181C006DBD22 /* Main.storyboard in Resources */ = {isa = PBXBuildFile; fileRef = 3B576C5519E6181C006DBD22 /* Main.storyboard */; };
		3B576C6819E6181C006DBD22 /* BumpnTests.m in Sources */ = {isa = PBXBuildFile; fileRef = 3B576C6719E6181C006DBD22 /* BumpnTests.m */; };
		3B576C7319E64DC1006DBD22 /* Place.m in Sources */ = {isa = PBXBuildFile; fileRef = 3B576C7219E64DC1006DBD22 /* Place.m */; };
		3B576C7919E678FC006DBD22 /* SearchResults.m in Sources */ = {isa = PBXBuildFile; fileRef = 3B576C7819E678FC006DBD22 /* SearchResults.m */; };
		3B576C8219E87528006DBD22 /* PlaceViewController.m in Sources */ = {isa = PBXBuildFile; fileRef = 3B576C8119E87528006DBD22 /* PlaceViewController.m */; };
		3B895F1019F8450D00DA512C /* images.xcassets in Resources */ = {isa = PBXBuildFile; fileRef = 3B895F0F19F8450D00DA512C /* images.xcassets */; };
		3BC65BC919F63C4D009A906E /* RecentReports.m in Sources */ = {isa = PBXBuildFile; fileRef = 3BC65BC819F63C4D009A906E /* RecentReports.m */; };
		3BC65BCC19F63DB9009A906E /* Report.m in Sources */ = {isa = PBXBuildFile; fileRef = 3BC65BCB19F63DB9009A906E /* Report.m */; };
		3BEFD73D1A1C2A1D003F4100 /* RequestUploader.m in Sources */ = {isa = PBXBuildFile; fileRef = 3BEFD73C1A1C2A1D003F4100 /* RequestUploader.m */; };
/* End PBXBuildFile section */

/* Begin PBXContainerItemProxy section */
		3B576C6219E6181C006DBD22 /* PBXContainerItemProxy */ = {
			isa = PBXContainerItemProxy;
			containerPortal = 3B576C4019E6181C006DBD22 /* Project object */;
			proxyType = 1;
			remoteGlobalIDString = 3B576C4719E6181C006DBD22;
			remoteInfo = Bumpn;
		};
/* End PBXContainerItemProxy section */

/* Begin PBXFileReference section */
		3B13E4A71A1C63C70013AE32 /* PlaceDetailsDownloader.h */ = {isa = PBXFileReference; fileEncoding = 4; lastKnownFileType = sourcecode.c.h; path = PlaceDetailsDownloader.h; sourceTree = "<group>"; };
		3B13E4A81A1C63C70013AE32 /* PlaceDetailsDownloader.m */ = {isa = PBXFileReference; fileEncoding = 4; lastKnownFileType = sourcecode.c.objc; path = PlaceDetailsDownloader.m; sourceTree = "<group>"; };
		3B14F7571A14832F005D88E2 /* ReportTableViewController.h */ = {isa = PBXFileReference; fileEncoding = 4; lastKnownFileType = sourcecode.c.h; path = ReportTableViewController.h; sourceTree = "<group>"; };
		3B14F7581A14832F005D88E2 /* ReportTableViewController.m */ = {isa = PBXFileReference; fileEncoding = 4; lastKnownFileType = sourcecode.c.objc; path = ReportTableViewController.m; sourceTree = "<group>"; };
		3B14F75A1A15DBF1005D88E2 /* ImageDownloader.h */ = {isa = PBXFileReference; fileEncoding = 4; lastKnownFileType = sourcecode.c.h; path = ImageDownloader.h; sourceTree = "<group>"; };
		3B14F75B1A15DBF1005D88E2 /* ImageDownloader.m */ = {isa = PBXFileReference; fileEncoding = 4; lastKnownFileType = sourcecode.c.objc; path = ImageDownloader.m; sourceTree = "<group>"; };
		3B14F75D1A1688CA005D88E2 /* Utils.h */ = {isa = PBXFileReference; fileEncoding = 4; lastKnownFileType = sourcecode.c.h; path = Utils.h; sourceTree = "<group>"; };
		3B14F75E1A1688CA005D88E2 /* Utils.m */ = {isa = PBXFileReference; fileEncoding = 4; lastKnownFileType = sourcecode.c.objc; path = Utils.m; sourceTree = "<group>"; };
		3B14F7601A187FFD005D88E2 /* Logger.h */ = {isa = PBXFileReference; fileEncoding = 4; lastKnownFileType = sourcecode.c.h; path = Logger.h; sourceTree = "<group>"; };
		3B14F7611A187FFD005D88E2 /* Logger.m */ = {isa = PBXFileReference; fileEncoding = 4; lastKnownFileType = sourcecode.c.objc; path = Logger.m; sourceTree = "<group>"; };
		3B14F7631A188507005D88E2 /* RecentSearchesDownloader.h */ = {isa = PBXFileReference; fileEncoding = 4; lastKnownFileType = sourcecode.c.h; path = RecentSearchesDownloader.h; sourceTree = "<group>"; };
		3B14F7641A188507005D88E2 /* RecentSearchesDownloader.m */ = {isa = PBXFileReference; fileEncoding = 4; lastKnownFileType = sourcecode.c.objc; path = RecentSearchesDownloader.m; sourceTree = "<group>"; };
		3B3847141A0D87BC001E03D0 /* CameraViewController.h */ = {isa = PBXFileReference; fileEncoding = 4; lastKnownFileType = sourcecode.c.h; path = CameraViewController.h; sourceTree = "<group>"; };
		3B3847151A0D87BC001E03D0 /* CameraViewController.m */ = {isa = PBXFileReference; fileEncoding = 4; lastKnownFileType = sourcecode.c.objc; path = CameraViewController.m; sourceTree = "<group>"; };
		3B3847171A0F459D001E03D0 /* PhotoPreviewViewController.h */ = {isa = PBXFileReference; fileEncoding = 4; lastKnownFileType = sourcecode.c.h; path = PhotoPreviewViewController.h; sourceTree = "<group>"; };
		3B3847181A0F459D001E03D0 /* PhotoPreviewViewController.m */ = {isa = PBXFileReference; fileEncoding = 4; lastKnownFileType = sourcecode.c.objc; path = PhotoPreviewViewController.m; sourceTree = "<group>"; };
		3B38471A1A118169001E03D0 /* ImageUploader.h */ = {isa = PBXFileReference; fileEncoding = 4; lastKnownFileType = sourcecode.c.h; path = ImageUploader.h; sourceTree = "<group>"; };
		3B38471B1A11816A001E03D0 /* ImageUploader.m */ = {isa = PBXFileReference; fileEncoding = 4; lastKnownFileType = sourcecode.c.objc; path = ImageUploader.m; sourceTree = "<group>"; };
		3B3847201A11D327001E03D0 /* ReportUploader.h */ = {isa = PBXFileReference; fileEncoding = 4; lastKnownFileType = sourcecode.c.h; path = ReportUploader.h; sourceTree = "<group>"; };
		3B3847211A11D327001E03D0 /* ReportUploader.m */ = {isa = PBXFileReference; fileEncoding = 4; lastKnownFileType = sourcecode.c.objc; path = ReportUploader.m; sourceTree = "<group>"; };
		3B3847231A11D7F4001E03D0 /* Constants.h */ = {isa = PBXFileReference; fileEncoding = 4; lastKnownFileType = sourcecode.c.h; path = Constants.h; sourceTree = "<group>"; };
		3B3847241A11D7F4001E03D0 /* Constants.m */ = {isa = PBXFileReference; fileEncoding = 4; lastKnownFileType = sourcecode.c.objc; path = Constants.m; sourceTree = "<group>"; };
		3B3847261A129F44001E03D0 /* TagButton.h */ = {isa = PBXFileReference; fileEncoding = 4; lastKnownFileType = sourcecode.c.h; path = TagButton.h; sourceTree = "<group>"; };
		3B3847271A129F44001E03D0 /* TagButton.m */ = {isa = PBXFileReference; fileEncoding = 4; lastKnownFileType = sourcecode.c.objc; path = TagButton.m; sourceTree = "<group>"; };
		3B3901461A1414B900802030 /* ReportViewController.h */ = {isa = PBXFileReference; fileEncoding = 4; lastKnownFileType = sourcecode.c.h; path = ReportViewController.h; sourceTree = "<group>"; };
		3B3901471A1414B900802030 /* ReportViewController.m */ = {isa = PBXFileReference; fileEncoding = 4; lastKnownFileType = sourcecode.c.objc; path = ReportViewController.m; sourceTree = "<group>"; };
		3B3AC0C61A2028F500B0ABB8 /* RequestTableViewController.h */ = {isa = PBXFileReference; fileEncoding = 4; lastKnownFileType = sourcecode.c.h; path = RequestTableViewController.h; sourceTree = "<group>"; };
		3B3AC0C71A2028F500B0ABB8 /* RequestTableViewController.m */ = {isa = PBXFileReference; fileEncoding = 4; lastKnownFileType = sourcecode.c.objc; path = RequestTableViewController.m; sourceTree = "<group>"; };
		3B3E662C1A200F4D0052E893 /* RequestViewController.h */ = {isa = PBXFileReference; fileEncoding = 4; lastKnownFileType = sourcecode.c.h; path = RequestViewController.h; sourceTree = "<group>"; };
		3B3E662D1A200F4D0052E893 /* RequestViewController.m */ = {isa = PBXFileReference; fileEncoding = 4; lastKnownFileType = sourcecode.c.objc; path = RequestViewController.m; sourceTree = "<group>"; };
		3B576C4819E6181C006DBD22 /* Bumpn.app */ = {isa = PBXFileReference; explicitFileType = wrapper.application; includeInIndex = 0; path = Bumpn.app; sourceTree = BUILT_PRODUCTS_DIR; };
		3B576C4C19E6181C006DBD22 /* Info.plist */ = {isa = PBXFileReference; lastKnownFileType = text.plist.xml; path = Info.plist; sourceTree = "<group>"; };
		3B576C4D19E6181C006DBD22 /* main.m */ = {isa = PBXFileReference; lastKnownFileType = sourcecode.c.objc; path = main.m; sourceTree = "<group>"; };
		3B576C4F19E6181C006DBD22 /* AppDelegate.h */ = {isa = PBXFileReference; lastKnownFileType = sourcecode.c.h; path = AppDelegate.h; sourceTree = "<group>"; };
		3B576C5019E6181C006DBD22 /* AppDelegate.m */ = {isa = PBXFileReference; lastKnownFileType = sourcecode.c.objc; path = AppDelegate.m; sourceTree = "<group>"; };
		3B576C5219E6181C006DBD22 /* SearchViewController.h */ = {isa = PBXFileReference; lastKnownFileType = sourcecode.c.h; path = SearchViewController.h; sourceTree = "<group>"; };
		3B576C5319E6181C006DBD22 /* SearchViewController.m */ = {isa = PBXFileReference; lastKnownFileType = sourcecode.c.objc; path = SearchViewController.m; sourceTree = "<group>"; };
		3B576C5619E6181C006DBD22 /* Base */ = {isa = PBXFileReference; lastKnownFileType = file.storyboard; name = Base; path = Base.lproj/Main.storyboard; sourceTree = "<group>"; };
		3B576C6119E6181C006DBD22 /* BumpnTests.xctest */ = {isa = PBXFileReference; explicitFileType = wrapper.cfbundle; includeInIndex = 0; path = BumpnTests.xctest; sourceTree = BUILT_PRODUCTS_DIR; };
		3B576C6619E6181C006DBD22 /* Info.plist */ = {isa = PBXFileReference; lastKnownFileType = text.plist.xml; path = Info.plist; sourceTree = "<group>"; };
		3B576C6719E6181C006DBD22 /* BumpnTests.m */ = {isa = PBXFileReference; lastKnownFileType = sourcecode.c.objc; path = BumpnTests.m; sourceTree = "<group>"; };
		3B576C7119E64DC1006DBD22 /* Place.h */ = {isa = PBXFileReference; fileEncoding = 4; lastKnownFileType = sourcecode.c.h; path = Place.h; sourceTree = "<group>"; };
		3B576C7219E64DC1006DBD22 /* Place.m */ = {isa = PBXFileReference; fileEncoding = 4; lastKnownFileType = sourcecode.c.objc; path = Place.m; sourceTree = "<group>"; };
		3B576C7719E678FC006DBD22 /* SearchResults.h */ = {isa = PBXFileReference; fileEncoding = 4; lastKnownFileType = sourcecode.c.h; path = SearchResults.h; sourceTree = "<group>"; };
		3B576C7819E678FC006DBD22 /* SearchResults.m */ = {isa = PBXFileReference; fileEncoding = 4; lastKnownFileType = sourcecode.c.objc; path = SearchResults.m; sourceTree = "<group>"; };
		3B576C8019E87528006DBD22 /* PlaceViewController.h */ = {isa = PBXFileReference; fileEncoding = 4; lastKnownFileType = sourcecode.c.h; path = PlaceViewController.h; sourceTree = "<group>"; };
		3B576C8119E87528006DBD22 /* PlaceViewController.m */ = {isa = PBXFileReference; fileEncoding = 4; lastKnownFileType = sourcecode.c.objc; path = PlaceViewController.m; sourceTree = "<group>"; };
		3B895F0F19F8450D00DA512C /* images.xcassets */ = {isa = PBXFileReference; lastKnownFileType = folder.assetcatalog; name = images.xcassets; path = ../images.xcassets; sourceTree = "<group>"; };
		3BC65BC719F63C4C009A906E /* RecentReports.h */ = {isa = PBXFileReference; fileEncoding = 4; lastKnownFileType = sourcecode.c.h; path = RecentReports.h; sourceTree = "<group>"; };
		3BC65BC819F63C4D009A906E /* RecentReports.m */ = {isa = PBXFileReference; fileEncoding = 4; lastKnownFileType = sourcecode.c.objc; path = RecentReports.m; sourceTree = "<group>"; };
		3BC65BCA19F63DB9009A906E /* Report.h */ = {isa = PBXFileReference; fileEncoding = 4; lastKnownFileType = sourcecode.c.h; path = Report.h; sourceTree = "<group>"; };
		3BC65BCB19F63DB9009A906E /* Report.m */ = {isa = PBXFileReference; fileEncoding = 4; lastKnownFileType = sourcecode.c.objc; path = Report.m; sourceTree = "<group>"; };
		3BEFD73B1A1C2A1D003F4100 /* RequestUploader.h */ = {isa = PBXFileReference; fileEncoding = 4; lastKnownFileType = sourcecode.c.h; path = RequestUploader.h; sourceTree = "<group>"; };
		3BEFD73C1A1C2A1D003F4100 /* RequestUploader.m */ = {isa = PBXFileReference; fileEncoding = 4; lastKnownFileType = sourcecode.c.objc; path = RequestUploader.m; sourceTree = "<group>"; };
/* End PBXFileReference section */

/* Begin PBXFrameworksBuildPhase section */
		3B576C4519E6181C006DBD22 /* Frameworks */ = {
			isa = PBXFrameworksBuildPhase;
			buildActionMask = 2147483647;
			files = (
			);
			runOnlyForDeploymentPostprocessing = 0;
		};
		3B576C5E19E6181C006DBD22 /* Frameworks */ = {
			isa = PBXFrameworksBuildPhase;
			buildActionMask = 2147483647;
			files = (
			);
			runOnlyForDeploymentPostprocessing = 0;
		};
/* End PBXFrameworksBuildPhase section */

/* Begin PBXGroup section */
		3B576C3F19E6181C006DBD22 = {
			isa = PBXGroup;
			children = (
				3B576C4A19E6181C006DBD22 /* Bumpn */,
				3B576C6419E6181C006DBD22 /* BumpnTests */,
				3B576C4919E6181C006DBD22 /* Products */,
			);
			sourceTree = "<group>";
		};
		3B576C4919E6181C006DBD22 /* Products */ = {
			isa = PBXGroup;
			children = (
				3B576C4819E6181C006DBD22 /* Bumpn.app */,
				3B576C6119E6181C006DBD22 /* BumpnTests.xctest */,
			);
			name = Products;
			sourceTree = "<group>";
		};
		3B576C4A19E6181C006DBD22 /* Bumpn */ = {
			isa = PBXGroup;
			children = (
				3B576C5519E6181C006DBD22 /* Main.storyboard */,
				3B576C5219E6181C006DBD22 /* SearchViewController.h */,
				3B576C5319E6181C006DBD22 /* SearchViewController.m */,
				3B576C8019E87528006DBD22 /* PlaceViewController.h */,
				3B576C8119E87528006DBD22 /* PlaceViewController.m */,
				3B3E662C1A200F4D0052E893 /* RequestViewController.h */,
				3B3E662D1A200F4D0052E893 /* RequestViewController.m */,
				3B3AC0C61A2028F500B0ABB8 /* RequestTableViewController.h */,
				3B3AC0C71A2028F500B0ABB8 /* RequestTableViewController.m */,
				3B3847141A0D87BC001E03D0 /* CameraViewController.h */,
				3B3847151A0D87BC001E03D0 /* CameraViewController.m */,
				3B3847171A0F459D001E03D0 /* PhotoPreviewViewController.h */,
				3B3847181A0F459D001E03D0 /* PhotoPreviewViewController.m */,
				3B3901461A1414B900802030 /* ReportViewController.h */,
				3B3901471A1414B900802030 /* ReportViewController.m */,
				3B14F7571A14832F005D88E2 /* ReportTableViewController.h */,
				3B14F7581A14832F005D88E2 /* ReportTableViewController.m */,
				3B3847201A11D327001E03D0 /* ReportUploader.h */,
				3B3847211A11D327001E03D0 /* ReportUploader.m */,
				3B38471A1A118169001E03D0 /* ImageUploader.h */,
				3B38471B1A11816A001E03D0 /* ImageUploader.m */,
				3B14F75A1A15DBF1005D88E2 /* ImageDownloader.h */,
				3B14F75B1A15DBF1005D88E2 /* ImageDownloader.m */,
				3B14F7631A188507005D88E2 /* RecentSearchesDownloader.h */,
				3B14F7641A188507005D88E2 /* RecentSearchesDownloader.m */,
				3B14F7601A187FFD005D88E2 /* Logger.h */,
				3B14F7611A187FFD005D88E2 /* Logger.m */,
				3BEFD73B1A1C2A1D003F4100 /* RequestUploader.h */,
				3BEFD73C1A1C2A1D003F4100 /* RequestUploader.m */,
				3B13E4A71A1C63C70013AE32 /* PlaceDetailsDownloader.h */,
				3B13E4A81A1C63C70013AE32 /* PlaceDetailsDownloader.m */,
				3BC65BC719F63C4C009A906E /* RecentReports.h */,
				3BC65BC819F63C4D009A906E /* RecentReports.m */,
				3B576C7719E678FC006DBD22 /* SearchResults.h */,
				3B576C7819E678FC006DBD22 /* SearchResults.m */,
				3BC65BCA19F63DB9009A906E /* Report.h */,
				3BC65BCB19F63DB9009A906E /* Report.m */,
				3B576C7119E64DC1006DBD22 /* Place.h */,
				3B576C7219E64DC1006DBD22 /* Place.m */,
				3B3847261A129F44001E03D0 /* TagButton.h */,
				3B3847271A129F44001E03D0 /* TagButton.m */,
				3B3847231A11D7F4001E03D0 /* Constants.h */,
				3B3847241A11D7F4001E03D0 /* Constants.m */,
				3B14F75D1A1688CA005D88E2 /* Utils.h */,
				3B14F75E1A1688CA005D88E2 /* Utils.m */,
				3B895F0F19F8450D00DA512C /* images.xcassets */,
				3B576C4B19E6181C006DBD22 /* Supporting Files */,
			);
			path = Bumpn;
			sourceTree = "<group>";
		};
		3B576C4B19E6181C006DBD22 /* Supporting Files */ = {
			isa = PBXGroup;
			children = (
				3B576C4F19E6181C006DBD22 /* AppDelegate.h */,
				3B576C5019E6181C006DBD22 /* AppDelegate.m */,
				3B576C4C19E6181C006DBD22 /* Info.plist */,
				3B576C4D19E6181C006DBD22 /* main.m */,
			);
			name = "Supporting Files";
			sourceTree = "<group>";
		};
		3B576C6419E6181C006DBD22 /* BumpnTests */ = {
			isa = PBXGroup;
			children = (
				3B576C6719E6181C006DBD22 /* BumpnTests.m */,
				3B576C6519E6181C006DBD22 /* Supporting Files */,
			);
			path = BumpnTests;
			sourceTree = "<group>";
		};
		3B576C6519E6181C006DBD22 /* Supporting Files */ = {
			isa = PBXGroup;
			children = (
				3B576C6619E6181C006DBD22 /* Info.plist */,
			);
			name = "Supporting Files";
			sourceTree = "<group>";
		};
/* End PBXGroup section */

/* Begin PBXNativeTarget section */
		3B576C4719E6181C006DBD22 /* Bumpn */ = {
			isa = PBXNativeTarget;
			buildConfigurationList = 3B576C6B19E6181C006DBD22 /* Build configuration list for PBXNativeTarget "Bumpn" */;
			buildPhases = (
				3B576C4419E6181C006DBD22 /* Sources */,
				3B576C4519E6181C006DBD22 /* Frameworks */,
				3B576C4619E6181C006DBD22 /* Resources */,
			);
			buildRules = (
			);
			dependencies = (
			);
			name = Bumpn;
			productName = Bumpn;
			productReference = 3B576C4819E6181C006DBD22 /* Bumpn.app */;
			productType = "com.apple.product-type.application";
		};
		3B576C6019E6181C006DBD22 /* BumpnTests */ = {
			isa = PBXNativeTarget;
			buildConfigurationList = 3B576C6E19E6181C006DBD22 /* Build configuration list for PBXNativeTarget "BumpnTests" */;
			buildPhases = (
				3B576C5D19E6181C006DBD22 /* Sources */,
				3B576C5E19E6181C006DBD22 /* Frameworks */,
				3B576C5F19E6181C006DBD22 /* Resources */,
			);
			buildRules = (
			);
			dependencies = (
				3B576C6319E6181C006DBD22 /* PBXTargetDependency */,
			);
			name = BumpnTests;
			productName = BumpnTests;
			productReference = 3B576C6119E6181C006DBD22 /* BumpnTests.xctest */;
			productType = "com.apple.product-type.bundle.unit-test";
		};
/* End PBXNativeTarget section */

/* Begin PBXProject section */
		3B576C4019E6181C006DBD22 /* Project object */ = {
			isa = PBXProject;
			attributes = {
				LastUpgradeCheck = 0600;
				ORGANIZATIONNAME = "KASEY MOFFAT";
				TargetAttributes = {
					3B576C4719E6181C006DBD22 = {
						CreatedOnToolsVersion = 6.0.1;
						DevelopmentTeam = USTN6J555B;
					};
					3B576C6019E6181C006DBD22 = {
						CreatedOnToolsVersion = 6.0.1;
						TestTargetID = 3B576C4719E6181C006DBD22;
					};
				};
			};
			buildConfigurationList = 3B576C4319E6181C006DBD22 /* Build configuration list for PBXProject "Bumpn" */;
			compatibilityVersion = "Xcode 3.2";
			developmentRegion = English;
			hasScannedForEncodings = 0;
			knownRegions = (
				en,
				Base,
			);
			mainGroup = 3B576C3F19E6181C006DBD22;
			productRefGroup = 3B576C4919E6181C006DBD22 /* Products */;
			projectDirPath = "";
			projectRoot = "";
			targets = (
				3B576C4719E6181C006DBD22 /* Bumpn */,
				3B576C6019E6181C006DBD22 /* BumpnTests */,
			);
		};
/* End PBXProject section */

/* Begin PBXResourcesBuildPhase section */
		3B576C4619E6181C006DBD22 /* Resources */ = {
			isa = PBXResourcesBuildPhase;
			buildActionMask = 2147483647;
			files = (
				3B576C5719E6181C006DBD22 /* Main.storyboard in Resources */,
				3B895F1019F8450D00DA512C /* images.xcassets in Resources */,
			);
			runOnlyForDeploymentPostprocessing = 0;
		};
		3B576C5F19E6181C006DBD22 /* Resources */ = {
			isa = PBXResourcesBuildPhase;
			buildActionMask = 2147483647;
			files = (
			);
			runOnlyForDeploymentPostprocessing = 0;
		};
/* End PBXResourcesBuildPhase section */

/* Begin PBXSourcesBuildPhase section */
		3B576C4419E6181C006DBD22 /* Sources */ = {
			isa = PBXSourcesBuildPhase;
			buildActionMask = 2147483647;
			files = (
				3B3847281A129F44001E03D0 /* TagButton.m in Sources */,
				3B576C5419E6181C006DBD22 /* SearchViewController.m in Sources */,
				3B3901481A1414B900802030 /* ReportViewController.m in Sources */,
				3B14F7591A14832F005D88E2 /* ReportTableViewController.m in Sources */,
				3B576C8219E87528006DBD22 /* PlaceViewController.m in Sources */,
				3B3E662E1A200F4D0052E893 /* RequestViewController.m in Sources */,
				3B576C5119E6181C006DBD22 /* AppDelegate.m in Sources */,
				3BC65BC919F63C4D009A906E /* RecentReports.m in Sources */,
				3B576C4E19E6181C006DBD22 /* main.m in Sources */,
				3B3847251A11D7F4001E03D0 /* Constants.m in Sources */,
				3B3847161A0D87BC001E03D0 /* CameraViewController.m in Sources */,
				3B14F7651A188507005D88E2 /* RecentSearchesDownloader.m in Sources */,
				3B576C7319E64DC1006DBD22 /* Place.m in Sources */,
				3B14F7621A187FFD005D88E2 /* Logger.m in Sources */,
				3B14F75F1A1688CA005D88E2 /* Utils.m in Sources */,
				3B3AC0C81A2028F500B0ABB8 /* RequestTableViewController.m in Sources */,
				3B576C7919E678FC006DBD22 /* SearchResults.m in Sources */,
				3B14F75C1A15DBF1005D88E2 /* ImageDownloader.m in Sources */,
				3B3847191A0F459D001E03D0 /* PhotoPreviewViewController.m in Sources */,
				3B38471C1A11816A001E03D0 /* ImageUploader.m in Sources */,
				3BEFD73D1A1C2A1D003F4100 /* RequestUploader.m in Sources */,
				3B3847221A11D327001E03D0 /* ReportUploader.m in Sources */,
				3BC65BCC19F63DB9009A906E /* Report.m in Sources */,
				3B13E4A91A1C63C70013AE32 /* PlaceDetailsDownloader.m in Sources */,
			);
			runOnlyForDeploymentPostprocessing = 0;
		};
		3B576C5D19E6181C006DBD22 /* Sources */ = {
			isa = PBXSourcesBuildPhase;
			buildActionMask = 2147483647;
			files = (
				3B576C6819E6181C006DBD22 /* BumpnTests.m in Sources */,
			);
			runOnlyForDeploymentPostprocessing = 0;
		};
/* End PBXSourcesBuildPhase section */

/* Begin PBXTargetDependency section */
		3B576C6319E6181C006DBD22 /* PBXTargetDependency */ = {
			isa = PBXTargetDependency;
			target = 3B576C4719E6181C006DBD22 /* Bumpn */;
			targetProxy = 3B576C6219E6181C006DBD22 /* PBXContainerItemProxy */;
		};
/* End PBXTargetDependency section */

/* Begin PBXVariantGroup section */
		3B576C5519E6181C006DBD22 /* Main.storyboard */ = {
			isa = PBXVariantGroup;
			children = (
				3B576C5619E6181C006DBD22 /* Base */,
			);
			name = Main.storyboard;
			sourceTree = "<group>";
		};
/* End PBXVariantGroup section */

/* Begin XCBuildConfiguration section */
		3B576C6919E6181C006DBD22 /* Debug */ = {
			isa = XCBuildConfiguration;
			buildSettings = {
				ALWAYS_SEARCH_USER_PATHS = NO;
				CLANG_CXX_LANGUAGE_STANDARD = "gnu++0x";
				CLANG_CXX_LIBRARY = "libc++";
				CLANG_ENABLE_MODULES = YES;
				CLANG_ENABLE_OBJC_ARC = YES;
				CLANG_WARN_BOOL_CONVERSION = YES;
				CLANG_WARN_CONSTANT_CONVERSION = YES;
				CLANG_WARN_DIRECT_OBJC_ISA_USAGE = YES_ERROR;
				CLANG_WARN_EMPTY_BODY = YES;
				CLANG_WARN_ENUM_CONVERSION = YES;
				CLANG_WARN_INT_CONVERSION = YES;
				CLANG_WARN_OBJC_ROOT_CLASS = YES_ERROR;
				CLANG_WARN_UNREACHABLE_CODE = YES;
				CLANG_WARN__DUPLICATE_METHOD_MATCH = YES;
				"CODE_SIGN_IDENTITY[sdk=iphoneos*]" = "iPhone Developer";
				COPY_PHASE_STRIP = NO;
				ENABLE_STRICT_OBJC_MSGSEND = YES;
				GCC_C_LANGUAGE_STANDARD = gnu99;
				GCC_DYNAMIC_NO_PIC = NO;
				GCC_OPTIMIZATION_LEVEL = 0;
				GCC_PREPROCESSOR_DEFINITIONS = (
					"DEBUG=1",
					"$(inherited)",
				);
				GCC_SYMBOLS_PRIVATE_EXTERN = NO;
				GCC_WARN_64_TO_32_BIT_CONVERSION = YES;
				GCC_WARN_ABOUT_RETURN_TYPE = YES_ERROR;
				GCC_WARN_UNDECLARED_SELECTOR = YES;
				GCC_WARN_UNINITIALIZED_AUTOS = YES_AGGRESSIVE;
				GCC_WARN_UNUSED_FUNCTION = YES;
				GCC_WARN_UNUSED_VARIABLE = YES;
				IPHONEOS_DEPLOYMENT_TARGET = 7.0;
				MTL_ENABLE_DEBUG_INFO = YES;
				ONLY_ACTIVE_ARCH = YES;
				SDKROOT = iphoneos;
			};
			name = Debug;
		};
		3B576C6A19E6181C006DBD22 /* Release */ = {
			isa = XCBuildConfiguration;
			buildSettings = {
				ALWAYS_SEARCH_USER_PATHS = NO;
				CLANG_CXX_LANGUAGE_STANDARD = "gnu++0x";
				CLANG_CXX_LIBRARY = "libc++";
				CLANG_ENABLE_MODULES = YES;
				CLANG_ENABLE_OBJC_ARC = YES;
				CLANG_WARN_BOOL_CONVERSION = YES;
				CLANG_WARN_CONSTANT_CONVERSION = YES;
				CLANG_WARN_DIRECT_OBJC_ISA_USAGE = YES_ERROR;
				CLANG_WARN_EMPTY_BODY = YES;
				CLANG_WARN_ENUM_CONVERSION = YES;
				CLANG_WARN_INT_CONVERSION = YES;
				CLANG_WARN_OBJC_ROOT_CLASS = YES_ERROR;
				CLANG_WARN_UNREACHABLE_CODE = YES;
				CLANG_WARN__DUPLICATE_METHOD_MATCH = YES;
				"CODE_SIGN_IDENTITY[sdk=iphoneos*]" = "iPhone Developer";
				COPY_PHASE_STRIP = YES;
				ENABLE_NS_ASSERTIONS = NO;
				ENABLE_STRICT_OBJC_MSGSEND = YES;
				GCC_C_LANGUAGE_STANDARD = gnu99;
				GCC_WARN_64_TO_32_BIT_CONVERSION = YES;
				GCC_WARN_ABOUT_RETURN_TYPE = YES_ERROR;
				GCC_WARN_UNDECLARED_SELECTOR = YES;
				GCC_WARN_UNINITIALIZED_AUTOS = YES_AGGRESSIVE;
				GCC_WARN_UNUSED_FUNCTION = YES;
				GCC_WARN_UNUSED_VARIABLE = YES;
				IPHONEOS_DEPLOYMENT_TARGET = 7.0;
				MTL_ENABLE_DEBUG_INFO = NO;
				SDKROOT = iphoneos;
				VALIDATE_PRODUCT = YES;
			};
			name = Release;
		};
		3B576C6C19E6181C006DBD22 /* Debug */ = {
			isa = XCBuildConfiguration;
			buildSettings = {
				ASSETCATALOG_COMPILER_APPICON_NAME = AppIcon;
				ASSETCATALOG_COMPILER_LAUNCHIMAGE_NAME = LaunchImage;
				CODE_SIGN_IDENTITY = "iPhone Developer";
				"CODE_SIGN_IDENTITY[sdk=iphoneos*]" = "iPhone Developer";
				INFOPLIST_FILE = Bumpn/Info.plist;
				IPHONEOS_DEPLOYMENT_TARGET = 7.0;
				LD_RUNPATH_SEARCH_PATHS = "$(inherited) @executable_path/Frameworks";
				PRODUCT_NAME = "$(TARGET_NAME)";
				PROVISIONING_PROFILE = "";
			};
			name = Debug;
		};
		3B576C6D19E6181C006DBD22 /* Release */ = {
			isa = XCBuildConfiguration;
			buildSettings = {
				ASSETCATALOG_COMPILER_APPICON_NAME = AppIcon;
				ASSETCATALOG_COMPILER_LAUNCHIMAGE_NAME = LaunchImage;
				CODE_SIGN_IDENTITY = "iPhone Developer";
				"CODE_SIGN_IDENTITY[sdk=iphoneos*]" = "iPhone Developer";
				INFOPLIST_FILE = Bumpn/Info.plist;
				IPHONEOS_DEPLOYMENT_TARGET = 7.0;
				LD_RUNPATH_SEARCH_PATHS = "$(inherited) @executable_path/Frameworks";
				PRODUCT_NAME = "$(TARGET_NAME)";
				PROVISIONING_PROFILE = "";
			};
			name = Release;
		};
		3B576C6F19E6181C006DBD22 /* Debug */ = {
			isa = XCBuildConfiguration;
			buildSettings = {
				BUNDLE_LOADER = "$(TEST_HOST)";
				FRAMEWORK_SEARCH_PATHS = (
					"$(SDKROOT)/Developer/Library/Frameworks",
					"$(inherited)",
				);
				GCC_PREPROCESSOR_DEFINITIONS = (
					"DEBUG=1",
					"$(inherited)",
				);
				INFOPLIST_FILE = BumpnTests/Info.plist;
				LD_RUNPATH_SEARCH_PATHS = "$(inherited) @executable_path/Frameworks @loader_path/Frameworks";
				PRODUCT_NAME = "$(TARGET_NAME)";
				TEST_HOST = "$(BUILT_PRODUCTS_DIR)/Bumpn.app/Bumpn";
			};
			name = Debug;
		};
		3B576C7019E6181C006DBD22 /* Release */ = {
			isa = XCBuildConfiguration;
			buildSettings = {
				BUNDLE_LOADER = "$(TEST_HOST)";
				FRAMEWORK_SEARCH_PATHS = (
					"$(SDKROOT)/Developer/Library/Frameworks",
					"$(inherited)",
				);
				INFOPLIST_FILE = BumpnTests/Info.plist;
				LD_RUNPATH_SEARCH_PATHS = "$(inherited) @executable_path/Frameworks @loader_path/Frameworks";
				PRODUCT_NAME = "$(TARGET_NAME)";
				TEST_HOST = "$(BUILT_PRODUCTS_DIR)/Bumpn.app/Bumpn";
			};
			name = Release;
		};
/* End XCBuildConfiguration section */

/* Begin XCConfigurationList section */
		3B576C4319E6181C006DBD22 /* Build configuration list for PBXProject "Bumpn" */ = {
			isa = XCConfigurationList;
			buildConfigurations = (
				3B576C6919E6181C006DBD22 /* Debug */,
				3B576C6A19E6181C006DBD22 /* Release */,
			);
			defaultConfigurationIsVisible = 0;
			defaultConfigurationName = Release;
		};
		3B576C6B19E6181C006DBD22 /* Build configuration list for PBXNativeTarget "Bumpn" */ = {
			isa = XCConfigurationList;
			buildConfigurations = (
				3B576C6C19E6181C006DBD22 /* Debug */,
				3B576C6D19E6181C006DBD22 /* Release */,
			);
			defaultConfigurationIsVisible = 0;
			defaultConfigurationName = Release;
		};
		3B576C6E19E6181C006DBD22 /* Build configuration list for PBXNativeTarget "BumpnTests" */ = {
			isa = XCConfigurationList;
			buildConfigurations = (
				3B576C6F19E6181C006DBD22 /* Debug */,
				3B576C7019E6181C006DBD22 /* Release */,
			);
			defaultConfigurationIsVisible = 0;
			defaultConfigurationName = Release;
		};
/* End XCConfigurationList section */
	};
	rootObject = 3B576C4019E6181C006DBD22 /* Project object */;
}
